{
  "object": {
    "pins": [
      {
        "package": "FittedSheets",
        "repositoryURL": "https://github.com/gordontucker/FittedSheets",
        "state": {
          "branch": null,
          "revision": "65f9c93718f96c6de234d38c9976e67a0d9e2b28",
          "version": "2.4.2"
        }
      }
    ]
  },
  "version": 1
}
